
Microsoft Visual Studio Solution File, Format Version 12.00
# Visual Studio 15
Project("{FAE04EC0-301F-11D3-BF4B-00C04F79EFBC}") = "Assembly-CSharp", "Assembly-CSharp.csproj", "{B0BED890-8931-C67D-3AAE-8CB6D2F419EA}"
EndProject
Global
	GlobalSection(SolutionConfigurationPlatforms) = preSolution
		Debug|Any CPU = Debug|Any CPU
		Release|Any CPU = Release|Any CPU
	EndGlobalSection
	GlobalSection(ProjectConfigurationPlatforms) = postSolution
		{B0BED890-8931-C67D-3AAE-8CB6D2F419EA}.Debug|Any CPU.ActiveCfg = Debug|Any CPU
		{B0BED890-8931-C67D-3AAE-8CB6D2F419EA}.Debug|Any CPU.Build.0 = Debug|Any CPU
		{B0BED890-8931-C67D-3AAE-8CB6D2F419EA}.Release|Any CPU.ActiveCfg = Release|Any CPU
		{B0BED890-8931-C67D-3AAE-8CB6D2F419EA}.Release|Any CPU.Build.0 = Release|Any CPU
	EndGlobalSection
	GlobalSection(SolutionProperties) = preSolution
		HideSolutionNode = FALSE
	EndGlobalSection
EndGlobal
